
Microsoft Visual Studio Solution File, Format Version 12.00
# Visual Studio Version 16
VisualStudioVersion = 16.0.32126.315
MinimumVisualStudioVersion = 10.0.40219.1
Project("{159641D6-6404-4A2A-AE62-294DE0FE8301}") = "MasztySieciowe", "MasztySieciowe\MasztySieciowe.dtproj", "{5BC243AA-598A-4032-A2D6-393B31C3EC0D}"
EndProject
Global
	GlobalSection(SolutionConfigurationPlatforms) = preSolution
		Development|Default = Development|Default
	EndGlobalSection
	GlobalSection(ProjectConfigurationPlatforms) = postSolution
		{5BC243AA-598A-4032-A2D6-393B31C3EC0D}.Development|Default.ActiveCfg = Development
		{5BC243AA-598A-4032-A2D6-393B31C3EC0D}.Development|Default.Build.0 = Development
	EndGlobalSection
	GlobalSection(SolutionProperties) = preSolution
		HideSolutionNode = FALSE
	EndGlobalSection
	GlobalSection(ExtensibilityGlobals) = postSolution
		SolutionGuid = {F675A9C8-7E7B-4160-BFC2-873844B8A644}
	EndGlobalSection
EndGlobal
